
Microsoft Visual Studio Solution File, Format Version 12.00
# Visual Studio 15
VisualStudioVersion = 15.0.27703.2035
MinimumVisualStudioVersion = 10.0.40219.1
Project("{FAE04EC0-301F-11D3-BF4B-00C04F79EFBC}") = "MessageClient", "MessageApp\MessageClient.csproj", "{5C6B231A-F5BF-4DE1-8EF8-FCA0A6108CF2}"
EndProject
Project("{FAE04EC0-301F-11D3-BF4B-00C04F79EFBC}") = "MessageServer", "MessageServer\MessageServer.csproj", "{4585267A-4E5B-4EA0-86EF-7584868B72C3}"
EndProject
Global
	GlobalSection(SolutionConfigurationPlatforms) = preSolution
		Debug|Any CPU = Debug|Any CPU
		Release|Any CPU = Release|Any CPU
	EndGlobalSection
	GlobalSection(ProjectConfigurationPlatforms) = postSolution
		{5C6B231A-F5BF-4DE1-8EF8-FCA0A6108CF2}.Debug|Any CPU.ActiveCfg = Debug|Any CPU
		{5C6B231A-F5BF-4DE1-8EF8-FCA0A6108CF2}.Debug|Any CPU.Build.0 = Debug|Any CPU
		{5C6B231A-F5BF-4DE1-8EF8-FCA0A6108CF2}.Release|Any CPU.ActiveCfg = Release|Any CPU
		{5C6B231A-F5BF-4DE1-8EF8-FCA0A6108CF2}.Release|Any CPU.Build.0 = Release|Any CPU
		{4585267A-4E5B-4EA0-86EF-7584868B72C3}.Debug|Any CPU.ActiveCfg = Debug|Any CPU
		{4585267A-4E5B-4EA0-86EF-7584868B72C3}.Debug|Any CPU.Build.0 = Debug|Any CPU
		{4585267A-4E5B-4EA0-86EF-7584868B72C3}.Release|Any CPU.ActiveCfg = Release|Any CPU
		{4585267A-4E5B-4EA0-86EF-7584868B72C3}.Release|Any CPU.Build.0 = Release|Any CPU
	EndGlobalSection
	GlobalSection(SolutionProperties) = preSolution
		HideSolutionNode = FALSE
	EndGlobalSection
	GlobalSection(ExtensibilityGlobals) = postSolution
		SolutionGuid = {74494892-F992-4A34-B726-11AFB0A9AC3D}
	EndGlobalSection
EndGlobal
